lockVersion: 2.0.0
id: 29f6286a-13e0-48c8-b4fa-b64fad6aed34
management:
  docChecksum: 07ab658efd152b8659be83841630b34a
  docVersion: 1.0.0
  speakeasyVersion: 1.622.1
  generationVersion: 2.709.0
  releaseVersion: 0.5.0
  configChecksum: ee801377d64403c3b5584173770bcb8d
  repoURL: https://github.com/patroninc/patron.git
  repoSubDirectory: clients/ts-sdk
  installationURL: https://gitpkg.now.sh/patroninc/patron/clients/ts-sdk
  published: true
features:
  typescript:
    additionalDependencies: 0.1.0
    core: 3.21.23
    defaultEnabledRetries: 0.1.0
    devContainers: 2.90.1
    enumUnions: 0.1.0
    envVarSecurityUsage: 0.1.2
    globalSecurity: 2.82.14
    globalSecurityCallbacks: 0.1.0
    globalSecurityFlattening: 0.1.0
    globalServerURLs: 2.82.5
    methodArguments: 0.1.2
    nameOverrides: 2.81.2
    nullables: 0.1.1
    responseFormat: 0.2.3
    retries: 2.83.0
    sdkHooks: 0.3.0
    uploadStreams: 0.1.0
generatedFiles:
  - .devcontainer/README.md
  - .devcontainer/devcontainer.json
  - .devcontainer/setup.sh
  - .gitattributes
  - .npmignore
  - FUNCTIONS.md
  - RUNTIMES.md
  - USAGE.md
  - docs/lib/utils/retryconfig.md
  - docs/models/authprovider.md
  - docs/models/checkemailrequest.md
  - docs/models/errors/errorresponse.md
  - docs/models/filestatus.md
  - docs/models/filet.md
  - docs/models/fileuploadrequest.md
  - docs/models/fileuploadresponse.md
  - docs/models/forgotpasswordrequest.md
  - docs/models/forgotpasswordresponse.md
  - docs/models/loginrequest.md
  - docs/models/loginresponse.md
  - docs/models/logoutresponse.md
  - docs/models/operations/deletefilerequest.md
  - docs/models/operations/getfilerequest.md
  - docs/models/operations/googleauthcallbackrequest.md
  - docs/models/operations/listfilesrequest.md
  - docs/models/operations/servefilecdnrequest.md
  - docs/models/operations/updatefilerequest.md
  - docs/models/operations/verifyemailrequest.md
  - docs/models/registerrequest.md
  - docs/models/registerresponse.md
  - docs/models/resendverificationresponse.md
  - docs/models/resetpasswordrequest.md
  - docs/models/resetpasswordresponse.md
  - docs/models/security.md
  - docs/models/updateuserfilerequest.md
  - docs/models/updateuserinforequest.md
  - docs/models/updateuserinforesponse.md
  - docs/models/userfileinfo.md
  - docs/models/userinfo.md
  - docs/models/value.md
  - docs/sdks/auth/README.md
  - docs/sdks/files/README.md
  - docs/sdks/patronts/README.md
  - eslint.config.mjs
  - examples/.env.template
  - examples/README.md
  - examples/authCheckEmail.example.ts
  - examples/package.json
  - jsr.json
  - package.json
  - src/core.ts
  - src/funcs/authCheckEmail.ts
  - src/funcs/authForgotPassword.ts
  - src/funcs/authGetCurrentUser.ts
  - src/funcs/authGoogleCallback.ts
  - src/funcs/authGoogleRedirect.ts
  - src/funcs/authLogin.ts
  - src/funcs/authLogout.ts
  - src/funcs/authRegister.ts
  - src/funcs/authResendVerificationEmail.ts
  - src/funcs/authResetPassword.ts
  - src/funcs/authUpdateUserInfo.ts
  - src/funcs/authVerifyEmail.ts
  - src/funcs/filesDeleteFile.ts
  - src/funcs/filesGetFile.ts
  - src/funcs/filesListFiles.ts
  - src/funcs/filesServeFileCdn.ts
  - src/funcs/filesUpdateFile.ts
  - src/funcs/filesUploadFile.ts
  - src/hooks/hooks.ts
  - src/hooks/index.ts
  - src/hooks/types.ts
  - src/index.ts
  - src/lib/base64.ts
  - src/lib/config.ts
  - src/lib/dlv.ts
  - src/lib/encodings.ts
  - src/lib/env.ts
  - src/lib/files.ts
  - src/lib/http.ts
  - src/lib/is-plain-object.ts
  - src/lib/logger.ts
  - src/lib/matchers.ts
  - src/lib/primitives.ts
  - src/lib/retries.ts
  - src/lib/schemas.ts
  - src/lib/sdks.ts
  - src/lib/security.ts
  - src/lib/url.ts
  - src/models/authprovider.ts
  - src/models/checkemailrequest.ts
  - src/models/errors/errorresponse.ts
  - src/models/errors/httpclienterrors.ts
  - src/models/errors/index.ts
  - src/models/errors/patrontsdefaulterror.ts
  - src/models/errors/patrontserror.ts
  - src/models/errors/responsevalidationerror.ts
  - src/models/errors/sdkvalidationerror.ts
  - src/models/filestatus.ts
  - src/models/fileuploadrequest.ts
  - src/models/fileuploadresponse.ts
  - src/models/forgotpasswordrequest.ts
  - src/models/forgotpasswordresponse.ts
  - src/models/index.ts
  - src/models/loginrequest.ts
  - src/models/loginresponse.ts
  - src/models/logoutresponse.ts
  - src/models/operations/deletefile.ts
  - src/models/operations/getfile.ts
  - src/models/operations/googleauthcallback.ts
  - src/models/operations/index.ts
  - src/models/operations/listfiles.ts
  - src/models/operations/servefilecdn.ts
  - src/models/operations/updatefile.ts
  - src/models/operations/verifyemail.ts
  - src/models/registerrequest.ts
  - src/models/registerresponse.ts
  - src/models/resendverificationresponse.ts
  - src/models/resetpasswordrequest.ts
  - src/models/resetpasswordresponse.ts
  - src/models/security.ts
  - src/models/updateuserfilerequest.ts
  - src/models/updateuserinforequest.ts
  - src/models/updateuserinforesponse.ts
  - src/models/userfileinfo.ts
  - src/models/userinfo.ts
  - src/models/value.ts
  - src/sdk/auth.ts
  - src/sdk/files.ts
  - src/sdk/index.ts
  - src/sdk/sdk.ts
  - src/types/async.ts
  - src/types/blobs.ts
  - src/types/constdatetime.ts
  - src/types/enums.ts
  - src/types/fp.ts
  - src/types/index.ts
  - src/types/operations.ts
  - src/types/rfcdate.ts
  - src/types/streams.ts
  - tsconfig.json
examples:
  forgot_password:
    speakeasy-default-forgot-password:
      requestBody:
        application/json: {"email": "user@example.com"}
      responses:
        "200":
          application/json: {"message": "If the email exists in our system, a password reset link has been sent."}
        "500":
          application/json: {"code": "AUTH_INVALID_CREDENTIALS", "error": "Invalid email or password"}
  google_auth_redirect:
    speakeasy-default-google-auth-redirect:
      responses:
        "500":
          application/json: {"code": "AUTH_INVALID_CREDENTIALS", "error": "Invalid email or password"}
  google_auth_callback:
    speakeasy-default-google-auth-callback:
      parameters:
        query:
          code: "<value>"
          state: "Alaska"
      responses:
        "400":
          application/json: {"code": "AUTH_INVALID_CREDENTIALS", "error": "Invalid email or password"}
        "500":
          application/json: {"code": "AUTH_INVALID_CREDENTIALS", "error": "Invalid email or password"}
  login:
    speakeasy-default-login:
      requestBody:
        application/json: {"email": "user@example.com", "password": "password123"}
      responses:
        "200":
          application/json: {"message": "Login successful", "user": {"auth_provider": "email", "display_name": "John Doe", "email": "user@example.com", "email_verified": true, "id": "d290f1ee-6c54-4b01-90e6-d701748f0851"}}
        "400":
          application/json: {"code": "AUTH_INVALID_CREDENTIALS", "error": "Invalid email or password"}
        "500":
          application/json: {"code": "AUTH_INVALID_CREDENTIALS", "error": "Invalid email or password"}
  logout:
    speakeasy-default-logout:
      responses:
        "200":
          application/json: {"message": "Logged out successfully"}
  get_me:
    speakeasy-default-get-me:
      responses:
        "200":
          application/json: {"auth_provider": "email", "avatar_url": "https://example.com/avatar.jpg", "created_at": "2023-01-01T00:00:00", "display_name": "John Doe", "email": "user@example.com", "email_verified": true, "id": "d290f1ee-6c54-4b01-90e6-d701748f0851", "last_login": "2023-01-02T12:00:00"}
        "401":
          application/json: {"code": "AUTH_INVALID_CREDENTIALS", "error": "Invalid email or password"}
  register:
    speakeasy-default-register:
      requestBody:
        application/json: {"email": "user@example.com", "password": "password123"}
      responses:
        "200":
          application/json: {"message": "Registration successful. Please check your email for verification.", "user": {"auth_provider": "email", "display_name": "John Doe", "email": "user@example.com", "email_verified": false, "id": "d290f1ee-6c54-4b01-90e6-d701748f0851"}}
        "400":
          application/json: {"code": "AUTH_INVALID_CREDENTIALS", "error": "Invalid email or password"}
        "500":
          application/json: {"code": "AUTH_INVALID_CREDENTIALS", "error": "Invalid email or password"}
  reset_password:
    speakeasy-default-reset-password:
      requestBody:
        application/json: {"new_password": "newpassword123", "token": "550e8400-e29b-41d4-a716-446655440000", "user_id": "d290f1ee-6c54-4b01-90e6-d701748f0851"}
      responses:
        "200":
          application/json: {"message": "Password has been reset successfully"}
        "400":
          application/json: {"code": "AUTH_INVALID_CREDENTIALS", "error": "Invalid email or password"}
        "500":
          application/json: {"code": "AUTH_INVALID_CREDENTIALS", "error": "Invalid email or password"}
  verify_email:
    speakeasy-default-verify-email:
      parameters:
        query:
          token: "<value>"
      responses:
        "400":
          application/json: {"code": "AUTH_INVALID_CREDENTIALS", "error": "Invalid email or password"}
        "500":
          application/json: {"code": "AUTH_INVALID_CREDENTIALS", "error": "Invalid email or password"}
  check_email:
    speakeasy-default-check-email:
      requestBody:
        application/json: {"email": "user@example.com"}
      responses:
        "500":
          application/json: {"code": "AUTH_INVALID_CREDENTIALS", "error": "Invalid email or password"}
  resend_verification_email:
    speakeasy-default-resend-verification-email:
      responses:
        "200":
          application/json: {"message": "Verification email sent successfully"}
        "400":
          application/json: {"code": "AUTH_INVALID_CREDENTIALS", "error": "Invalid email or password"}
        "500":
          application/json: {"code": "AUTH_INVALID_CREDENTIALS", "error": "Invalid email or password"}
  update_user_info:
    speakeasy-default-update-user-info:
      requestBody:
        application/json: {"avatar_url": "https://example.com/new-avatar.jpg", "description": "A brief description about myself", "display_name": "New Display Name"}
      responses:
        "200":
          application/json: {"message": "User information updated successfully", "user": {"auth_provider": "email", "display_name": "New Display Name", "email": "user@example.com", "email_verified": true, "id": "d290f1ee-6c54-4b01-90e6-d701748f0851"}}
        "401":
          application/json: {"code": "AUTH_INVALID_CREDENTIALS", "error": "Invalid email or password"}
        "500":
          application/json: {"code": "AUTH_INVALID_CREDENTIALS", "error": "Invalid email or password"}
  serve_file_cdn:
    speakeasy-default-serve-file-cdn:
      parameters:
        path:
          file_id: "39974a06-0f39-432d-896c-ec8ec5a187f3"
      responses:
        "401":
          application/json: {"code": "AUTH_INVALID_CREDENTIALS", "error": "Invalid email or password"}
        "500":
          application/json: {"code": "AUTH_INVALID_CREDENTIALS", "error": "Invalid email or password"}
  list_files:
    speakeasy-default-list-files:
      responses:
        "200":
          application/json: [{"created_at": "2023-01-01T00:00:00Z", "file_hash": "e3b0c44298fc1c149afbf4c8996fb92427ae41e4649b934ca495991b7852b855", "file_size": 1048576, "filename": "document.pdf", "id": "d290f1ee-6c54-4b01-90e6-d701748f0851", "metadata": {}, "mime_type": "application/pdf", "original_filename": "My Important Document.pdf", "status": "uploaded", "updated_at": "2023-01-01T00:00:00Z", "user_id": "f47ac10b-58cc-4372-a567-0e02b2c3d479"}]
        "401":
          application/json: {"code": "AUTH_INVALID_CREDENTIALS", "error": "Invalid email or password"}
        "500":
          application/json: {"code": "AUTH_INVALID_CREDENTIALS", "error": "Invalid email or password"}
  upload_file:
    speakeasy-default-upload-file:
      requestBody:
        multipart/form-data: {"file": "Binary file content (PDF, image, document, etc.)"}
      responses:
        "201":
          application/json: {"file": {"created_at": "2023-01-01T00:00:00Z", "file_hash": "e3b0c44298fc1c149afbf4c8996fb92427ae41e4649b934ca495991b7852b855", "file_size": 1048576, "filename": "document.pdf", "id": "d290f1ee-6c54-4b01-90e6-d701748f0851", "metadata": {}, "mime_type": "application/pdf", "original_filename": "My Important Document.pdf", "status": "uploaded", "updated_at": "2023-01-01T00:00:00Z", "user_id": "f47ac10b-58cc-4372-a567-0e02b2c3d479"}, "message": "File uploaded successfully"}
        "400":
          application/json: {"code": "AUTH_INVALID_CREDENTIALS", "error": "Invalid email or password"}
        "500":
          application/json: {"code": "AUTH_INVALID_CREDENTIALS", "error": "Invalid email or password"}
  get_file:
    speakeasy-default-get-file:
      parameters:
        path:
          file_id: "b9989da6-aed4-4643-949a-a7c28d664def"
      responses:
        "200":
          application/json: {"created_at": "2023-01-01T00:00:00Z", "file_hash": "e3b0c44298fc1c149afbf4c8996fb92427ae41e4649b934ca495991b7852b855", "file_size": 1048576, "filename": "document.pdf", "id": "d290f1ee-6c54-4b01-90e6-d701748f0851", "metadata": {}, "mime_type": "application/pdf", "original_filename": "My Important Document.pdf", "status": "uploaded", "updated_at": "2023-01-01T00:00:00Z", "user_id": "f47ac10b-58cc-4372-a567-0e02b2c3d479"}
        "401":
          application/json: {"code": "AUTH_INVALID_CREDENTIALS", "error": "Invalid email or password"}
        "500":
          application/json: {"code": "AUTH_INVALID_CREDENTIALS", "error": "Invalid email or password"}
  update_file:
    speakeasy-default-update-file:
      parameters:
        path:
          file_id: "ce621f1a-00d2-437b-b1d0-5650eed83f65"
      requestBody:
        application/json: {"filename": "renamed_document.pdf", "metadata": {}, "status": "processed"}
      responses:
        "200":
          application/json: {"created_at": "2023-01-01T00:00:00Z", "file_hash": "e3b0c44298fc1c149afbf4c8996fb92427ae41e4649b934ca495991b7852b855", "file_size": 1048576, "filename": "document.pdf", "id": "d290f1ee-6c54-4b01-90e6-d701748f0851", "metadata": {}, "mime_type": "application/pdf", "original_filename": "My Important Document.pdf", "status": "uploaded", "updated_at": "2023-01-01T00:00:00Z", "user_id": "f47ac10b-58cc-4372-a567-0e02b2c3d479"}
        "401":
          application/json: {"code": "AUTH_INVALID_CREDENTIALS", "error": "Invalid email or password"}
        "500":
          application/json: {"code": "AUTH_INVALID_CREDENTIALS", "error": "Invalid email or password"}
  delete_file:
    speakeasy-default-delete-file:
      parameters:
        path:
          file_id: "9d527cd7-448b-40b4-9b53-301ef075d563"
      responses:
        "401":
          application/json: {"code": "AUTH_INVALID_CREDENTIALS", "error": "Invalid email or password"}
        "500":
          application/json: {"code": "AUTH_INVALID_CREDENTIALS", "error": "Invalid email or password"}
examplesVersion: 1.0.2
