speakeasyVersion: 1.622.1
sources:
    Patron API:
        sourceNamespace: patron-api
        sourceRevisionDigest: sha256:9bccb004047ede7c4d73adb3b7e642e3d05a7aef274529686b2f8e39badb1cdc
        sourceBlobDigest: sha256:748e2d049bc84a16bef7bc780563b33fc98d8771e3802dc7f131c4ff52be8056
        tags:
            - latest
            - 1.0.0
targets:
    patron-ts-sdk:
        source: Patron API
        sourceNamespace: patron-api
        sourceRevisionDigest: sha256:9bccb004047ede7c4d73adb3b7e642e3d05a7aef274529686b2f8e39badb1cdc
        sourceBlobDigest: sha256:748e2d049bc84a16bef7bc780563b33fc98d8771e3802dc7f131c4ff52be8056
        codeSamplesNamespace: celeb-ai-video-generation-api-typescript-code-samples
        codeSamplesRevisionDigest: sha256:acc0fc8438fb2a36b3035df485a3876201fabcb3eadd74c097b209409afd3a85
workflow:
    workflowVersion: 1.0.0
    speakeasyVersion: latest
    sources:
        Patron API:
            inputs:
                - location: openapi.json
            overlays:
                - location: .speakeasy/speakeasy-modifications-overlay.yaml
            output: .speakeasy/out.openapi.yaml
            registry:
                location: registry.speakeasyapi.dev/patron/ts-sdk/patron-api
    targets:
        patron-ts-sdk:
            target: typescript
            source: Patron API
            publish:
                npm:
                    token: $npm_token
            codeSamples:
                registry:
                    location: registry.speakeasyapi.dev/patron/ts-sdk/celeb-ai-video-generation-api-typescript-code-samples
                labelOverride:
                    fixedValue: Typescript (SDK)
                blocking: false
