speakeasyVersion: 1.606.10
sources:
    CelebAI Video Generation API:
        sourceNamespace: celeb-ai-video-generation-api
        sourceRevisionDigest: sha256:950b4beab948e2b2517084f43d02d950f8185594f91fb1d2e476da148dab3ad4
        sourceBlobDigest: sha256:6e0ac47eb0d21ff0e854ad42229fed2d65118d6d58e9b9160414a7c0ec4caf7d
        tags:
            - latest
            - 1.0.0
    Patron API:
        sourceNamespace: patron-api
        sourceRevisionDigest: sha256:4ba99f97146a159783550bce97bd1272de72c75cb1b3e2a16ea2525902f2d658
        sourceBlobDigest: sha256:91a90b811ec3f5a899bd5fb8b55602d1dbb556454de20a9c8c1e41bbdf3f87b4
        tags:
            - latest
            - 1.0.0
targets:
    patron-ts-sdk:
        source: Patron API
        sourceNamespace: patron-api
        sourceRevisionDigest: sha256:4ba99f97146a159783550bce97bd1272de72c75cb1b3e2a16ea2525902f2d658
        sourceBlobDigest: sha256:91a90b811ec3f5a899bd5fb8b55602d1dbb556454de20a9c8c1e41bbdf3f87b4
        codeSamplesNamespace: celeb-ai-video-generation-api-typescript-code-samples
        codeSamplesRevisionDigest: sha256:67a716b519b73ce8574b636d92a96ccb7cf166cd7b1ce13d9762abbe47ec41fb
workflow:
    workflowVersion: 1.0.0
    speakeasyVersion: latest
    sources:
        Patron API:
            inputs:
                - location: openapi.json
            overlays:
                - location: .speakeasy/speakeasy-modifications-overlay.yaml
            output: .speakeasy/out.openapi.yaml
            registry:
                location: registry.speakeasyapi.dev/patron/ts-sdk/patron-api
    targets:
        patron-ts-sdk:
            target: typescript
            source: Patron API
            codeSamples:
                registry:
                    location: registry.speakeasyapi.dev/patron/ts-sdk/celeb-ai-video-generation-api-typescript-code-samples
                labelOverride:
                    fixedValue: Typescript (SDK)
                blocking: false
