speakeasyVersion: 1.636.1
sources:
    Patron API:
        sourceNamespace: patron-api
        sourceRevisionDigest: sha256:2ac2c4ea4863bb2c3241d40e86ca6c8a2e828b92c4999b26198ce3199eb2c6eb
        sourceBlobDigest: sha256:914467fbb8464304acb4bd760d674f8ea7e86ada81463382f0bd60299584cab5
        tags:
            - latest
            - 1.0.0
targets:
    patron-ts-sdk:
        source: Patron API
        sourceNamespace: patron-api
        sourceRevisionDigest: sha256:2ac2c4ea4863bb2c3241d40e86ca6c8a2e828b92c4999b26198ce3199eb2c6eb
        sourceBlobDigest: sha256:914467fbb8464304acb4bd760d674f8ea7e86ada81463382f0bd60299584cab5
        codeSamplesNamespace: celeb-ai-video-generation-api-typescript-code-samples
        codeSamplesRevisionDigest: sha256:1b0bb8b6669bbdef57d15158fd8e7882815c72d34081ddc5a74df06d74af5158
workflow:
    workflowVersion: 1.0.0
    speakeasyVersion: latest
    sources:
        Patron API:
            inputs:
                - location: openapi.json
            overlays:
                - location: .speakeasy/speakeasy-modifications-overlay.yaml
            output: .speakeasy/out.openapi.yaml
            registry:
                location: registry.speakeasyapi.dev/patron/ts-sdk/patron-api
    targets:
        patron-ts-sdk:
            target: typescript
            source: Patron API
            publish:
                npm:
                    token: $npm_token
            codeSamples:
                registry:
                    location: registry.speakeasyapi.dev/patron/ts-sdk/celeb-ai-video-generation-api-typescript-code-samples
                labelOverride:
                    fixedValue: Typescript (SDK)
                blocking: false
